# THIS IS AN AUTOGENERATED FILE. DO NOT EDIT THIS FILE DIRECTLY.
# yarn lockfile v1


cron@^2.1.0:
  version "2.1.0"
  resolved "https://registry.npmjs.org/cron/-/cron-2.1.0.tgz#f69fe77f1164d0bccbc24300938bbb3bea6ed95e"
  integrity sha512-Hq7u3P8y7UWYvsZbSKHHJDVG0VO9O7tp2qljxzTScelcTODBfCme8AIhnZsFwmQ9NchZ3hr2uNr+s3DSms7q6w==
  dependencies:
    luxon "^1.23.x"

luxon@^1.23.x:
  version "1.28.0"
  resolved "https://registry.npmjs.org/luxon/-/luxon-1.28.0.tgz#e7f96daad3938c06a62de0fb027115d251251fbf"
  integrity sha512-TfTiyvZhwBYM/7QdAVDh+7dBTBA29v4ik0Ce9zda3Mnf8on1S5KJI8P2jKFZ8+5C0jhmr0KwJEO/Wdpm0VeWJQ==
